// !$*UTF8*$!
{
	archiveVersion = 1;
	classes = {
	};
	objectVersion = 46;
	objects = {

/* Begin PBXBuildFile section */
		7A4E1B731C320D5B00B7FAD9 /* AppDelegate.swift in Sources */ = {isa = PBXBuildFile; fileRef = 7A4E1B721C320D5B00B7FAD9 /* AppDelegate.swift */; };
		7A4E1B751C320D5B00B7FAD9 /* ViewController.swift in Sources */ = {isa = PBXBuildFile; fileRef = 7A4E1B741C320D5B00B7FAD9 /* ViewController.swift */; };
		7A4E1B781C320D5B00B7FAD9 /* Main.storyboard in Resources */ = {isa = PBXBuildFile; fileRef = 7A4E1B761C320D5B00B7FAD9 /* Main.storyboard */; };
		7A4E1B7A1C320D5B00B7FAD9 /* Assets.xcassets in Resources */ = {isa = PBXBuildFile; fileRef = 7A4E1B791C320D5B00B7FAD9 /* Assets.xcassets */; };
		7A4E1B7D1C320D5B00B7FAD9 /* LaunchScreen.storyboard in Resources */ = {isa = PBXBuildFile; fileRef = 7A4E1B7B1C320D5B00B7FAD9 /* LaunchScreen.storyboard */; };
		7A4E1BA01C32290900B7FAD9 /* PalindromeCheck.framework in Frameworks */ = {isa = PBXBuildFile; fileRef = 7A4E1B9F1C32290900B7FAD9 /* PalindromeCheck.framework */; };
/* End PBXBuildFile section */

/* Begin PBXFileReference section */
		7A4E1B6F1C320D5B00B7FAD9 /* IsItAPalindrome.app */ = {isa = PBXFileReference; explicitFileType = wrapper.application; includeInIndex = 0; path = IsItAPalindrome.app; sourceTree = BUILT_PRODUCTS_DIR; };
		7A4E1B721C320D5B00B7FAD9 /* AppDelegate.swift */ = {isa = PBXFileReference; lastKnownFileType = sourcecode.swift; path = AppDelegate.swift; sourceTree = "<group>"; };
		7A4E1B741C320D5B00B7FAD9 /* ViewController.swift */ = {isa = PBXFileReference; lastKnownFileType = sourcecode.swift; path = ViewController.swift; sourceTree = "<group>"; };
		7A4E1B771C320D5B00B7FAD9 /* Base */ = {isa = PBXFileReference; lastKnownFileType = file.storyboard; name = Base; path = Base.lproj/Main.storyboard; sourceTree = "<group>"; };
		7A4E1B791C320D5B00B7FAD9 /* Assets.xcassets */ = {isa = PBXFileReference; lastKnownFileType = folder.assetcatalog; path = Assets.xcassets; sourceTree = "<group>"; };
		7A4E1B7C1C320D5B00B7FAD9 /* Base */ = {isa = PBXFileReference; lastKnownFileType = file.storyboard; name = Base; path = Base.lproj/LaunchScreen.storyboard; sourceTree = "<group>"; };
		7A4E1B7E1C320D5B00B7FAD9 /* Info.plist */ = {isa = PBXFileReference; lastKnownFileType = text.plist.xml; path = Info.plist; sourceTree = "<group>"; };
		7A4E1B9F1C32290900B7FAD9 /* PalindromeCheck.framework */ = {isa = PBXFileReference; lastKnownFileType = wrapper.framework; path = PalindromeCheck.framework; sourceTree = "<group>"; };
/* End PBXFileReference section */

/* Begin PBXFrameworksBuildPhase section */
		7A4E1B6C1C320D5B00B7FAD9 /* Frameworks */ = {
			isa = PBXFrameworksBuildPhase;
			buildActionMask = 2147483647;
			files = (
				7A4E1BA01C32290900B7FAD9 /* PalindromeCheck.framework in Frameworks */,
			);
			runOnlyForDeploymentPostprocessing = 0;
		};
/* End PBXFrameworksBuildPhase section */

/* Begin PBXGroup section */
		7A4E1B661C320D5B00B7FAD9 = {
			isa = PBXGroup;
			children = (
				7A4E1B9F1C32290900B7FAD9 /* PalindromeCheck.framework */,
				7A4E1B711C320D5B00B7FAD9 /* IsItAPalindrome */,
				7A4E1B701C320D5B00B7FAD9 /* Products */,
			);
			sourceTree = "<group>";
		};
		7A4E1B701C320D5B00B7FAD9 /* Products */ = {
			isa = PBXGroup;
			children = (
				7A4E1B6F1C320D5B00B7FAD9 /* IsItAPalindrome.app */,
			);
			name = Products;
			sourceTree = "<group>";
		};
		7A4E1B711C320D5B00B7FAD9 /* IsItAPalindrome */ = {
			isa = PBXGroup;
			children = (
				7A4E1B721C320D5B00B7FAD9 /* AppDelegate.swift */,
				7A4E1B741C320D5B00B7FAD9 /* ViewController.swift */,
				7A4E1B761C320D5B00B7FAD9 /* Main.storyboard */,
				7A4E1B791C320D5B00B7FAD9 /* Assets.xcassets */,
				7A4E1B7B1C320D5B00B7FAD9 /* LaunchScreen.storyboard */,
				7A4E1B7E1C320D5B00B7FAD9 /* Info.plist */,
			);
			path = IsItAPalindrome;
			sourceTree = "<group>";
		};
/* End PBXGroup section */

/* Begin PBXNativeTarget section */
		7A4E1B6E1C320D5B00B7FAD9 /* IsItAPalindrome */ = {
			isa = PBXNativeTarget;
			buildConfigurationList = 7A4E1B811C320D5B00B7FAD9 /* Build configuration list for PBXNativeTarget "IsItAPalindrome" */;
			buildPhases = (
				7A4E1B6B1C320D5B00B7FAD9 /* Sources */,
				7A4E1B6C1C320D5B00B7FAD9 /* Frameworks */,
				7A4E1B6D1C320D5B00B7FAD9 /* Resources */,
			);
			buildRules = (
			);
			dependencies = (
			);
			name = IsItAPalindrome;
			productName = IsItAPalindrome;
			productReference = 7A4E1B6F1C320D5B00B7FAD9 /* IsItAPalindrome.app */;
			productType = "com.apple.product-type.application";
		};
/* End PBXNativeTarget section */

/* Begin PBXProject section */
		7A4E1B671C320D5B00B7FAD9 /* Project object */ = {
			isa = PBXProject;
			attributes = {
				LastSwiftUpdateCheck = 0720;
				LastUpgradeCheck = 0720;
				ORGANIZATIONNAME = "Grant van Staden";
				TargetAttributes = {
					7A4E1B6E1C320D5B00B7FAD9 = {
						CreatedOnToolsVersion = 7.2;
					};
				};
			};
			buildConfigurationList = 7A4E1B6A1C320D5B00B7FAD9 /* Build configuration list for PBXProject "IsItAPalindrome" */;
			compatibilityVersion = "Xcode 3.2";
			developmentRegion = English;
			hasScannedForEncodings = 0;
			knownRegions = (
				en,
				Base,
			);
			mainGroup = 7A4E1B661C320D5B00B7FAD9;
			productRefGroup = 7A4E1B701C320D5B00B7FAD9 /* Products */;
			projectDirPath = "";
			projectRoot = "";
			targets = (
				7A4E1B6E1C320D5B00B7FAD9 /* IsItAPalindrome */,
			);
		};
/* End PBXProject section */

/* Begin PBXResourcesBuildPhase section */
		7A4E1B6D1C320D5B00B7FAD9 /* Resources */ = {
			isa = PBXResourcesBuildPhase;
			buildActionMask = 2147483647;
			files = (
				7A4E1B7D1C320D5B00B7FAD9 /* LaunchScreen.storyboard in Resources */,
				7A4E1B7A1C320D5B00B7FAD9 /* Assets.xcassets in Resources */,
				7A4E1B781C320D5B00B7FAD9 /* Main.storyboard in Resources */,
			);
			runOnlyForDeploymentPostprocessing = 0;
		};
/* End PBXResourcesBuildPhase section */

/* Begin PBXSourcesBuildPhase section */
		7A4E1B6B1C320D5B00B7FAD9 /* Sources */ = {
			isa = PBXSourcesBuildPhase;
			buildActionMask = 2147483647;
			files = (
				7A4E1B751C320D5B00B7FAD9 /* ViewController.swift in Sources */,
				7A4E1B731C320D5B00B7FAD9 /* AppDelegate.swift in Sources */,
			);
			runOnlyForDeploymentPostprocessing = 0;
		};
/* End PBXSourcesBuildPhase section */

/* Begin PBXVariantGroup section */
		7A4E1B761C320D5B00B7FAD9 /* Main.storyboard */ = {
			isa = PBXVariantGroup;
			children = (
				7A4E1B771C320D5B00B7FAD9 /* Base */,
			);
			name = Main.storyboard;
			sourceTree = "<group>";
		};
		7A4E1B7B1C320D5B00B7FAD9 /* LaunchScreen.storyboard */ = {
			isa = PBXVariantGroup;
			children = (
				7A4E1B7C1C320D5B00B7FAD9 /* Base */,
			);
			name = LaunchScreen.storyboard;
			sourceTree = "<group>";
		};
/* End PBXVariantGroup section */

/* Begin XCBuildConfiguration section */
		7A4E1B7F1C320D5B00B7FAD9 /* Debug */ = {
			isa = XCBuildConfiguration;
			buildSettings = {
				ALWAYS_SEARCH_USER_PATHS = NO;
				CLANG_CXX_LANGUAGE_STANDARD = "gnu++0x";
				CLANG_CXX_LIBRARY = "libc++";
				CLANG_ENABLE_MODULES = YES;
				CLANG_ENABLE_OBJC_ARC = YES;
				CLANG_WARN_BOOL_CONVERSION = YES;
				CLANG_WARN_CONSTANT_CONVERSION = YES;
				CLANG_WARN_DIRECT_OBJC_ISA_USAGE = YES_ERROR;
				CLANG_WARN_EMPTY_BODY = YES;
				CLANG_WARN_ENUM_CONVERSION = YES;
				CLANG_WARN_INT_CONVERSION = YES;
				CLANG_WARN_OBJC_ROOT_CLASS = YES_ERROR;
				CLANG_WARN_UNREACHABLE_CODE = YES;
				CLANG_WARN__DUPLICATE_METHOD_MATCH = YES;
				"CODE_SIGN_IDENTITY[sdk=iphoneos*]" = "iPhone Developer";
				COPY_PHASE_STRIP = NO;
				DEBUG_INFORMATION_FORMAT = dwarf;
				ENABLE_STRICT_OBJC_MSGSEND = YES;
				ENABLE_TESTABILITY = YES;
				GCC_C_LANGUAGE_STANDARD = gnu99;
				GCC_DYNAMIC_NO_PIC = NO;
				GCC_NO_COMMON_BLOCKS = YES;
				GCC_OPTIMIZATION_LEVEL = 0;
				GCC_PREPROCESSOR_DEFINITIONS = (
					"DEBUG=1",
					"$(inherited)",
				);
				GCC_WARN_64_TO_32_BIT_CONVERSION = YES;
				GCC_WARN_ABOUT_RETURN_TYPE = YES_ERROR;
				GCC_WARN_UNDECLARED_SELECTOR = YES;
				GCC_WARN_UNINITIALIZED_AUTOS = YES_AGGRESSIVE;
				GCC_WARN_UNUSED_FUNCTION = YES;
				GCC_WARN_UNUSED_VARIABLE = YES;
				IPHONEOS_DEPLOYMENT_TARGET = 9.2;
				MTL_ENABLE_DEBUG_INFO = YES;
				ONLY_ACTIVE_ARCH = YES;
				SDKROOT = iphoneos;
				SWIFT_OPTIMIZATION_LEVEL = "-Onone";
				TARGETED_DEVICE_FAMILY = "1,2";
			};
			name = Debug;
		};
		7A4E1B801C320D5B00B7FAD9 /* Release */ = {
			isa = XCBuildConfiguration;
			buildSettings = {
				ALWAYS_SEARCH_USER_PATHS = NO;
				CLANG_CXX_LANGUAGE_STANDARD = "gnu++0x";
				CLANG_CXX_LIBRARY = "libc++";
				CLANG_ENABLE_MODULES = YES;
				CLANG_ENABLE_OBJC_ARC = YES;
				CLANG_WARN_BOOL_CONVERSION = YES;
				CLANG_WARN_CONSTANT_CONVERSION = YES;
				CLANG_WARN_DIRECT_OBJC_ISA_USAGE = YES_ERROR;
				CLANG_WARN_EMPTY_BODY = YES;
				CLANG_WARN_ENUM_CONVERSION = YES;
				CLANG_WARN_INT_CONVERSION = YES;
				CLANG_WARN_OBJC_ROOT_CLASS = YES_ERROR;
				CLANG_WARN_UNREACHABLE_CODE = YES;
				CLANG_WARN__DUPLICATE_METHOD_MATCH = YES;
				"CODE_SIGN_IDENTITY[sdk=iphoneos*]" = "iPhone Developer";
				COPY_PHASE_STRIP = NO;
				DEBUG_INFORMATION_FORMAT = "dwarf-with-dsym";
				ENABLE_NS_ASSERTIONS = NO;
				ENABLE_STRICT_OBJC_MSGSEND = YES;
				GCC_C_LANGUAGE_STANDARD = gnu99;
				GCC_NO_COMMON_BLOCKS = YES;
				GCC_WARN_64_TO_32_BIT_CONVERSION = YES;
				GCC_WARN_ABOUT_RETURN_TYPE = YES_ERROR;
				GCC_WARN_UNDECLARED_SELECTOR = YES;
				GCC_WARN_UNINITIALIZED_AUTOS = YES_AGGRESSIVE;
				GCC_WARN_UNUSED_FUNCTION = YES;
				GCC_WARN_UNUSED_VARIABLE = YES;
				IPHONEOS_DEPLOYMENT_TARGET = 9.2;
				MTL_ENABLE_DEBUG_INFO = NO;
				SDKROOT = iphoneos;
				TARGETED_DEVICE_FAMILY = "1,2";
				VALIDATE_PRODUCT = YES;
			};
			name = Release;
		};
		7A4E1B821C320D5B00B7FAD9 /* Debug */ = {
			isa = XCBuildConfiguration;
			buildSettings = {
				ASSETCATALOG_COMPILER_APPICON_NAME = AppIcon;
				CLANG_ENABLE_MODULES = YES;
				FRAMEWORK_SEARCH_PATHS = (
					"$(inherited)",
					"$(PROJECT_DIR)/IsItAPalindrome",
					"$(PROJECT_DIR)",
				);
				INFOPLIST_FILE = IsItAPalindrome/Info.plist;
				LD_RUNPATH_SEARCH_PATHS = "$(inherited) @executable_path/Frameworks";
				PRODUCT_BUNDLE_IDENTIFIER = self.edu.IsItAPalindrome;
				PRODUCT_NAME = "$(TARGET_NAME)";
				SWIFT_OBJC_BRIDGING_HEADER = "";
				SWIFT_OPTIMIZATION_LEVEL = "-Onone";
				VALID_ARCHS = arm64;
			};
			name = Debug;
		};
		7A4E1B831C320D5B00B7FAD9 /* Release */ = {
			isa = XCBuildConfiguration;
			buildSettings = {
				ASSETCATALOG_COMPILER_APPICON_NAME = AppIcon;
				CLANG_ENABLE_MODULES = YES;
				FRAMEWORK_SEARCH_PATHS = (
					"$(inherited)",
					"$(PROJECT_DIR)/IsItAPalindrome",
					"$(PROJECT_DIR)",
				);
				INFOPLIST_FILE = IsItAPalindrome/Info.plist;
				LD_RUNPATH_SEARCH_PATHS = "$(inherited) @executable_path/Frameworks";
				PRODUCT_BUNDLE_IDENTIFIER = self.edu.IsItAPalindrome;
				PRODUCT_NAME = "$(TARGET_NAME)";
				SWIFT_OBJC_BRIDGING_HEADER = "";
				VALID_ARCHS = arm64;
			};
			name = Release;
		};
/* End XCBuildConfiguration section */

/* Begin XCConfigurationList section */
		7A4E1B6A1C320D5B00B7FAD9 /* Build configuration list for PBXProject "IsItAPalindrome" */ = {
			isa = XCConfigurationList;
			buildConfigurations = (
				7A4E1B7F1C320D5B00B7FAD9 /* Debug */,
				7A4E1B801C320D5B00B7FAD9 /* Release */,
			);
			defaultConfigurationIsVisible = 0;
			defaultConfigurationName = Release;
		};
		7A4E1B811C320D5B00B7FAD9 /* Build configuration list for PBXNativeTarget "IsItAPalindrome" */ = {
			isa = XCConfigurationList;
			buildConfigurations = (
				7A4E1B821C320D5B00B7FAD9 /* Debug */,
				7A4E1B831C320D5B00B7FAD9 /* Release */,
			);
			defaultConfigurationIsVisible = 0;
		};
/* End XCConfigurationList section */
	};
	rootObject = 7A4E1B671C320D5B00B7FAD9 /* Project object */;
}
